
Microsoft Visual Studio Solution File, Format Version 12.00
# Visual Studio Version 16
VisualStudioVersion = 16.0.30413.136
MinimumVisualStudioVersion = 10.0.40219.1
Project("{FAE04EC0-301F-11D3-BF4B-00C04F79EFBC}") = "Week 9 - Bitwise.App", "Week 9 - Bitwise.App\Week 9 - Bitwise.App.csproj", "{FAD695A1-2DC9-4CD5-98F4-020E0DD7CC7D}"
EndProject
Global
	GlobalSection(SolutionConfigurationPlatforms) = preSolution
		Debug|Any CPU = Debug|Any CPU
		Release|Any CPU = Release|Any CPU
	EndGlobalSection
	GlobalSection(ProjectConfigurationPlatforms) = postSolution
		{FAD695A1-2DC9-4CD5-98F4-020E0DD7CC7D}.Debug|Any CPU.ActiveCfg = Debug|Any CPU
		{FAD695A1-2DC9-4CD5-98F4-020E0DD7CC7D}.Debug|Any CPU.Build.0 = Debug|Any CPU
		{FAD695A1-2DC9-4CD5-98F4-020E0DD7CC7D}.Release|Any CPU.ActiveCfg = Release|Any CPU
		{FAD695A1-2DC9-4CD5-98F4-020E0DD7CC7D}.Release|Any CPU.Build.0 = Release|Any CPU
	EndGlobalSection
	GlobalSection(SolutionProperties) = preSolution
		HideSolutionNode = FALSE
	EndGlobalSection
	GlobalSection(ExtensibilityGlobals) = postSolution
		SolutionGuid = {D7EC486E-4F2E-42E5-985E-0D696536756E}
	EndGlobalSection
EndGlobal
